{
  "name": "firebase-auth-https-endpoint",
  "version": "1.0.0",
  "lockfileVersion": 2,
  "requires": true,
  "packages": {
    "": {
      "name": "firebase-auth-https-endpoint",
      "version": "1.0.0",
      "hasInstallScript": true,
      "license": "ISC",
      "engines": {
        "node": "14.x"
      }
    }
  }
}
